
Microsoft Visual Studio Solution File, Format Version 12.00
# Visual Studio 2012
Project("{FAE04EC0-301F-11D3-BF4B-00C04F79EFBC}") = "asas", "asas.csproj", "{0B761E5F-27A3-4A90-AFED-F39D33D81420}"
EndProject
Global
	GlobalSection(SolutionConfigurationPlatforms) = preSolution
		Debug|x86 = Debug|x86
		Release|x86 = Release|x86
	EndGlobalSection
	GlobalSection(ProjectConfigurationPlatforms) = postSolution
		{0B761E5F-27A3-4A90-AFED-F39D33D81420}.Debug|x86.ActiveCfg = Debug|x86
		{0B761E5F-27A3-4A90-AFED-F39D33D81420}.Debug|x86.Build.0 = Debug|x86
		{0B761E5F-27A3-4A90-AFED-F39D33D81420}.Release|x86.ActiveCfg = Release|x86
		{0B761E5F-27A3-4A90-AFED-F39D33D81420}.Release|x86.Build.0 = Release|x86
	EndGlobalSection
EndGlobal
